
Microsoft Visual Studio Solution File, Format Version 12.00
# Visual Studio Version 17
VisualStudioVersion = 17.1.32228.430
MinimumVisualStudioVersion = 10.0.40219.1
Project("{FAE04EC0-301F-11D3-BF4B-00C04F79EFBC}") = "Lab03-App", "Lab03-App\Lab03-App.csproj", "{8D1B40E7-AA7D-4353-968D-ECD3D23BB872}"
EndProject
Project("{FAE04EC0-301F-11D3-BF4B-00C04F79EFBC}") = "Lab03-Test", "Lab03-Test\Lab03-Test.csproj", "{84979547-D1BF-41DB-AEB0-97D9956EBF11}"
EndProject
Global
	GlobalSection(SolutionConfigurationPlatforms) = preSolution
		Debug|Any CPU = Debug|Any CPU
		Release|Any CPU = Release|Any CPU
	EndGlobalSection
	GlobalSection(ProjectConfigurationPlatforms) = postSolution
		{8D1B40E7-AA7D-4353-968D-ECD3D23BB872}.Debug|Any CPU.ActiveCfg = Debug|Any CPU
		{8D1B40E7-AA7D-4353-968D-ECD3D23BB872}.Debug|Any CPU.Build.0 = Debug|Any CPU
		{8D1B40E7-AA7D-4353-968D-ECD3D23BB872}.Release|Any CPU.ActiveCfg = Release|Any CPU
		{8D1B40E7-AA7D-4353-968D-ECD3D23BB872}.Release|Any CPU.Build.0 = Release|Any CPU
		{84979547-D1BF-41DB-AEB0-97D9956EBF11}.Debug|Any CPU.ActiveCfg = Debug|Any CPU
		{84979547-D1BF-41DB-AEB0-97D9956EBF11}.Debug|Any CPU.Build.0 = Debug|Any CPU
		{84979547-D1BF-41DB-AEB0-97D9956EBF11}.Release|Any CPU.ActiveCfg = Release|Any CPU
		{84979547-D1BF-41DB-AEB0-97D9956EBF11}.Release|Any CPU.Build.0 = Release|Any CPU
	EndGlobalSection
	GlobalSection(SolutionProperties) = preSolution
		HideSolutionNode = FALSE
	EndGlobalSection
	GlobalSection(ExtensibilityGlobals) = postSolution
		SolutionGuid = {FBC186DC-DAA9-4312-993A-246FF924F05E}
	EndGlobalSection
EndGlobal
